// !$*UTF8*$!
{
	archiveVersion = 1;
	classes = {
	};
	objectVersion = 50;
	objects = {

/* Begin PBXBuildFile section */
		7B6BFBAD26467D3E00061DB1 /* AppDelegate.swift in Sources */ = {isa = PBXBuildFile; fileRef = 7B6BFBAC26467D3E00061DB1 /* AppDelegate.swift */; };
		7B6BFBAF26467D3E00061DB1 /* SceneDelegate.swift in Sources */ = {isa = PBXBuildFile; fileRef = 7B6BFBAE26467D3E00061DB1 /* SceneDelegate.swift */; };
		7B6BFBB126467D3E00061DB1 /* ViewController.swift in Sources */ = {isa = PBXBuildFile; fileRef = 7B6BFBB026467D3E00061DB1 /* ViewController.swift */; };
		7B6BFBB426467D3E00061DB1 /* Main.storyboard in Resources */ = {isa = PBXBuildFile; fileRef = 7B6BFBB226467D3E00061DB1 /* Main.storyboard */; };
		7B6BFBB726467D3E00061DB1 /* CircleApp.xcdatamodeld in Sources */ = {isa = PBXBuildFile; fileRef = 7B6BFBB526467D3E00061DB1 /* CircleApp.xcdatamodeld */; };
		7B6BFBB926467D3F00061DB1 /* Assets.xcassets in Resources */ = {isa = PBXBuildFile; fileRef = 7B6BFBB826467D3F00061DB1 /* Assets.xcassets */; };
		7B6BFBBC26467D3F00061DB1 /* LaunchScreen.storyboard in Resources */ = {isa = PBXBuildFile; fileRef = 7B6BFBBA26467D3F00061DB1 /* LaunchScreen.storyboard */; };
		7B6BFBC726467D3F00061DB1 /* CircleAppTests.swift in Sources */ = {isa = PBXBuildFile; fileRef = 7B6BFBC626467D3F00061DB1 /* CircleAppTests.swift */; };
		7B6BFBD226467D3F00061DB1 /* CircleAppUITests.swift in Sources */ = {isa = PBXBuildFile; fileRef = 7B6BFBD126467D3F00061DB1 /* CircleAppUITests.swift */; };
/* End PBXBuildFile section */

/* Begin PBXContainerItemProxy section */
		7B6BFBC326467D3F00061DB1 /* PBXContainerItemProxy */ = {
			isa = PBXContainerItemProxy;
			containerPortal = 7B6BFBA126467D3E00061DB1 /* Project object */;
			proxyType = 1;
			remoteGlobalIDString = 7B6BFBA826467D3E00061DB1;
			remoteInfo = CircleApp;
		};
		7B6BFBCE26467D3F00061DB1 /* PBXContainerItemProxy */ = {
			isa = PBXContainerItemProxy;
			containerPortal = 7B6BFBA126467D3E00061DB1 /* Project object */;
			proxyType = 1;
			remoteGlobalIDString = 7B6BFBA826467D3E00061DB1;
			remoteInfo = CircleApp;
		};
/* End PBXContainerItemProxy section */

/* Begin PBXFileReference section */
		7B6BFBA926467D3E00061DB1 /* CircleApp.app */ = {isa = PBXFileReference; explicitFileType = wrapper.application; includeInIndex = 0; path = CircleApp.app; sourceTree = BUILT_PRODUCTS_DIR; };
		7B6BFBAC26467D3E00061DB1 /* AppDelegate.swift */ = {isa = PBXFileReference; lastKnownFileType = sourcecode.swift; path = AppDelegate.swift; sourceTree = "<group>"; };
		7B6BFBAE26467D3E00061DB1 /* SceneDelegate.swift */ = {isa = PBXFileReference; lastKnownFileType = sourcecode.swift; path = SceneDelegate.swift; sourceTree = "<group>"; };
		7B6BFBB026467D3E00061DB1 /* ViewController.swift */ = {isa = PBXFileReference; lastKnownFileType = sourcecode.swift; path = ViewController.swift; sourceTree = "<group>"; };
		7B6BFBB326467D3E00061DB1 /* Base */ = {isa = PBXFileReference; lastKnownFileType = file.storyboard; name = Base; path = Base.lproj/Main.storyboard; sourceTree = "<group>"; };
		7B6BFBB626467D3E00061DB1 /* CircleApp.xcdatamodel */ = {isa = PBXFileReference; lastKnownFileType = wrapper.xcdatamodel; path = CircleApp.xcdatamodel; sourceTree = "<group>"; };
		7B6BFBB826467D3F00061DB1 /* Assets.xcassets */ = {isa = PBXFileReference; lastKnownFileType = folder.assetcatalog; path = Assets.xcassets; sourceTree = "<group>"; };
		7B6BFBBB26467D3F00061DB1 /* Base */ = {isa = PBXFileReference; lastKnownFileType = file.storyboard; name = Base; path = Base.lproj/LaunchScreen.storyboard; sourceTree = "<group>"; };
		7B6BFBBD26467D3F00061DB1 /* Info.plist */ = {isa = PBXFileReference; lastKnownFileType = text.plist.xml; path = Info.plist; sourceTree = "<group>"; };
		7B6BFBC226467D3F00061DB1 /* CircleAppTests.xctest */ = {isa = PBXFileReference; explicitFileType = wrapper.cfbundle; includeInIndex = 0; path = CircleAppTests.xctest; sourceTree = BUILT_PRODUCTS_DIR; };
		7B6BFBC626467D3F00061DB1 /* CircleAppTests.swift */ = {isa = PBXFileReference; lastKnownFileType = sourcecode.swift; path = CircleAppTests.swift; sourceTree = "<group>"; };
		7B6BFBC826467D3F00061DB1 /* Info.plist */ = {isa = PBXFileReference; lastKnownFileType = text.plist.xml; path = Info.plist; sourceTree = "<group>"; };
		7B6BFBCD26467D3F00061DB1 /* CircleAppUITests.xctest */ = {isa = PBXFileReference; explicitFileType = wrapper.cfbundle; includeInIndex = 0; path = CircleAppUITests.xctest; sourceTree = BUILT_PRODUCTS_DIR; };
		7B6BFBD126467D3F00061DB1 /* CircleAppUITests.swift */ = {isa = PBXFileReference; lastKnownFileType = sourcecode.swift; path = CircleAppUITests.swift; sourceTree = "<group>"; };
		7B6BFBD326467D3F00061DB1 /* Info.plist */ = {isa = PBXFileReference; lastKnownFileType = text.plist.xml; path = Info.plist; sourceTree = "<group>"; };
/* End PBXFileReference section */

/* Begin PBXFrameworksBuildPhase section */
		7B6BFBA626467D3E00061DB1 /* Frameworks */ = {
			isa = PBXFrameworksBuildPhase;
			buildActionMask = 2147483647;
			files = (
			);
			runOnlyForDeploymentPostprocessing = 0;
		};
		7B6BFBBF26467D3F00061DB1 /* Frameworks */ = {
			isa = PBXFrameworksBuildPhase;
			buildActionMask = 2147483647;
			files = (
			);
			runOnlyForDeploymentPostprocessing = 0;
		};
		7B6BFBCA26467D3F00061DB1 /* Frameworks */ = {
			isa = PBXFrameworksBuildPhase;
			buildActionMask = 2147483647;
			files = (
			);
			runOnlyForDeploymentPostprocessing = 0;
		};
/* End PBXFrameworksBuildPhase section */

/* Begin PBXGroup section */
		7B6BFBA026467D3E00061DB1 = {
			isa = PBXGroup;
			children = (
				7B6BFBAB26467D3E00061DB1 /* CircleApp */,
				7B6BFBC526467D3F00061DB1 /* CircleAppTests */,
				7B6BFBD026467D3F00061DB1 /* CircleAppUITests */,
				7B6BFBAA26467D3E00061DB1 /* Products */,
			);
			sourceTree = "<group>";
		};
		7B6BFBAA26467D3E00061DB1 /* Products */ = {
			isa = PBXGroup;
			children = (
				7B6BFBA926467D3E00061DB1 /* CircleApp.app */,
				7B6BFBC226467D3F00061DB1 /* CircleAppTests.xctest */,
				7B6BFBCD26467D3F00061DB1 /* CircleAppUITests.xctest */,
			);
			name = Products;
			sourceTree = "<group>";
		};
		7B6BFBAB26467D3E00061DB1 /* CircleApp */ = {
			isa = PBXGroup;
			children = (
				7B6BFBAC26467D3E00061DB1 /* AppDelegate.swift */,
				7B6BFBAE26467D3E00061DB1 /* SceneDelegate.swift */,
				7B6BFBB026467D3E00061DB1 /* ViewController.swift */,
				7B6BFBB226467D3E00061DB1 /* Main.storyboard */,
				7B6BFBB826467D3F00061DB1 /* Assets.xcassets */,
				7B6BFBBA26467D3F00061DB1 /* LaunchScreen.storyboard */,
				7B6BFBBD26467D3F00061DB1 /* Info.plist */,
				7B6BFBB526467D3E00061DB1 /* CircleApp.xcdatamodeld */,
			);
			path = CircleApp;
			sourceTree = "<group>";
		};
		7B6BFBC526467D3F00061DB1 /* CircleAppTests */ = {
			isa = PBXGroup;
			children = (
				7B6BFBC626467D3F00061DB1 /* CircleAppTests.swift */,
				7B6BFBC826467D3F00061DB1 /* Info.plist */,
			);
			path = CircleAppTests;
			sourceTree = "<group>";
		};
		7B6BFBD026467D3F00061DB1 /* CircleAppUITests */ = {
			isa = PBXGroup;
			children = (
				7B6BFBD126467D3F00061DB1 /* CircleAppUITests.swift */,
				7B6BFBD326467D3F00061DB1 /* Info.plist */,
			);
			path = CircleAppUITests;
			sourceTree = "<group>";
		};
/* End PBXGroup section */

/* Begin PBXNativeTarget section */
		7B6BFBA826467D3E00061DB1 /* CircleApp */ = {
			isa = PBXNativeTarget;
			buildConfigurationList = 7B6BFBD626467D4000061DB1 /* Build configuration list for PBXNativeTarget "CircleApp" */;
			buildPhases = (
				7B6BFBA526467D3E00061DB1 /* Sources */,
				7B6BFBA626467D3E00061DB1 /* Frameworks */,
				7B6BFBA726467D3E00061DB1 /* Resources */,
			);
			buildRules = (
			);
			dependencies = (
			);
			name = CircleApp;
			productName = CircleApp;
			productReference = 7B6BFBA926467D3E00061DB1 /* CircleApp.app */;
			productType = "com.apple.product-type.application";
		};
		7B6BFBC126467D3F00061DB1 /* CircleAppTests */ = {
			isa = PBXNativeTarget;
			buildConfigurationList = 7B6BFBD926467D4000061DB1 /* Build configuration list for PBXNativeTarget "CircleAppTests" */;
			buildPhases = (
				7B6BFBBE26467D3F00061DB1 /* Sources */,
				7B6BFBBF26467D3F00061DB1 /* Frameworks */,
				7B6BFBC026467D3F00061DB1 /* Resources */,
			);
			buildRules = (
			);
			dependencies = (
				7B6BFBC426467D3F00061DB1 /* PBXTargetDependency */,
			);
			name = CircleAppTests;
			productName = CircleAppTests;
			productReference = 7B6BFBC226467D3F00061DB1 /* CircleAppTests.xctest */;
			productType = "com.apple.product-type.bundle.unit-test";
		};
		7B6BFBCC26467D3F00061DB1 /* CircleAppUITests */ = {
			isa = PBXNativeTarget;
			buildConfigurationList = 7B6BFBDC26467D4000061DB1 /* Build configuration list for PBXNativeTarget "CircleAppUITests" */;
			buildPhases = (
				7B6BFBC926467D3F00061DB1 /* Sources */,
				7B6BFBCA26467D3F00061DB1 /* Frameworks */,
				7B6BFBCB26467D3F00061DB1 /* Resources */,
			);
			buildRules = (
			);
			dependencies = (
				7B6BFBCF26467D3F00061DB1 /* PBXTargetDependency */,
			);
			name = CircleAppUITests;
			productName = CircleAppUITests;
			productReference = 7B6BFBCD26467D3F00061DB1 /* CircleAppUITests.xctest */;
			productType = "com.apple.product-type.bundle.ui-testing";
		};
/* End PBXNativeTarget section */

/* Begin PBXProject section */
		7B6BFBA126467D3E00061DB1 /* Project object */ = {
			isa = PBXProject;
			attributes = {
				LastSwiftUpdateCheck = 1250;
				LastUpgradeCheck = 1250;
				TargetAttributes = {
					7B6BFBA826467D3E00061DB1 = {
						CreatedOnToolsVersion = 12.5;
					};
					7B6BFBC126467D3F00061DB1 = {
						CreatedOnToolsVersion = 12.5;
						TestTargetID = 7B6BFBA826467D3E00061DB1;
					};
					7B6BFBCC26467D3F00061DB1 = {
						CreatedOnToolsVersion = 12.5;
						TestTargetID = 7B6BFBA826467D3E00061DB1;
					};
				};
			};
			buildConfigurationList = 7B6BFBA426467D3E00061DB1 /* Build configuration list for PBXProject "CircleApp" */;
			compatibilityVersion = "Xcode 9.3";
			developmentRegion = en;
			hasScannedForEncodings = 0;
			knownRegions = (
				en,
				Base,
			);
			mainGroup = 7B6BFBA026467D3E00061DB1;
			productRefGroup = 7B6BFBAA26467D3E00061DB1 /* Products */;
			projectDirPath = "";
			projectRoot = "";
			targets = (
				7B6BFBA826467D3E00061DB1 /* CircleApp */,
				7B6BFBC126467D3F00061DB1 /* CircleAppTests */,
				7B6BFBCC26467D3F00061DB1 /* CircleAppUITests */,
			);
		};
/* End PBXProject section */

/* Begin PBXResourcesBuildPhase section */
		7B6BFBA726467D3E00061DB1 /* Resources */ = {
			isa = PBXResourcesBuildPhase;
			buildActionMask = 2147483647;
			files = (
				7B6BFBBC26467D3F00061DB1 /* LaunchScreen.storyboard in Resources */,
				7B6BFBB926467D3F00061DB1 /* Assets.xcassets in Resources */,
				7B6BFBB426467D3E00061DB1 /* Main.storyboard in Resources */,
			);
			runOnlyForDeploymentPostprocessing = 0;
		};
		7B6BFBC026467D3F00061DB1 /* Resources */ = {
			isa = PBXResourcesBuildPhase;
			buildActionMask = 2147483647;
			files = (
			);
			runOnlyForDeploymentPostprocessing = 0;
		};
		7B6BFBCB26467D3F00061DB1 /* Resources */ = {
			isa = PBXResourcesBuildPhase;
			buildActionMask = 2147483647;
			files = (
			);
			runOnlyForDeploymentPostprocessing = 0;
		};
/* End PBXResourcesBuildPhase section */

/* Begin PBXSourcesBuildPhase section */
		7B6BFBA526467D3E00061DB1 /* Sources */ = {
			isa = PBXSourcesBuildPhase;
			buildActionMask = 2147483647;
			files = (
				7B6BFBB126467D3E00061DB1 /* ViewController.swift in Sources */,
				7B6BFBB726467D3E00061DB1 /* CircleApp.xcdatamodeld in Sources */,
				7B6BFBAD26467D3E00061DB1 /* AppDelegate.swift in Sources */,
				7B6BFBAF26467D3E00061DB1 /* SceneDelegate.swift in Sources */,
			);
			runOnlyForDeploymentPostprocessing = 0;
		};
		7B6BFBBE26467D3F00061DB1 /* Sources */ = {
			isa = PBXSourcesBuildPhase;
			buildActionMask = 2147483647;
			files = (
				7B6BFBC726467D3F00061DB1 /* CircleAppTests.swift in Sources */,
			);
			runOnlyForDeploymentPostprocessing = 0;
		};
		7B6BFBC926467D3F00061DB1 /* Sources */ = {
			isa = PBXSourcesBuildPhase;
			buildActionMask = 2147483647;
			files = (
				7B6BFBD226467D3F00061DB1 /* CircleAppUITests.swift in Sources */,
			);
			runOnlyForDeploymentPostprocessing = 0;
		};
/* End PBXSourcesBuildPhase section */

/* Begin PBXTargetDependency section */
		7B6BFBC426467D3F00061DB1 /* PBXTargetDependency */ = {
			isa = PBXTargetDependency;
			target = 7B6BFBA826467D3E00061DB1 /* CircleApp */;
			targetProxy = 7B6BFBC326467D3F00061DB1 /* PBXContainerItemProxy */;
		};
		7B6BFBCF26467D3F00061DB1 /* PBXTargetDependency */ = {
			isa = PBXTargetDependency;
			target = 7B6BFBA826467D3E00061DB1 /* CircleApp */;
			targetProxy = 7B6BFBCE26467D3F00061DB1 /* PBXContainerItemProxy */;
		};
/* End PBXTargetDependency section */

/* Begin PBXVariantGroup section */
		7B6BFBB226467D3E00061DB1 /* Main.storyboard */ = {
			isa = PBXVariantGroup;
			children = (
				7B6BFBB326467D3E00061DB1 /* Base */,
			);
			name = Main.storyboard;
			sourceTree = "<group>";
		};
		7B6BFBBA26467D3F00061DB1 /* LaunchScreen.storyboard */ = {
			isa = PBXVariantGroup;
			children = (
				7B6BFBBB26467D3F00061DB1 /* Base */,
			);
			name = LaunchScreen.storyboard;
			sourceTree = "<group>";
		};
/* End PBXVariantGroup section */

/* Begin XCBuildConfiguration section */
		7B6BFBD426467D3F00061DB1 /* Debug */ = {
			isa = XCBuildConfiguration;
			buildSettings = {
				ALWAYS_SEARCH_USER_PATHS = NO;
				CLANG_ANALYZER_NONNULL = YES;
				CLANG_ANALYZER_NUMBER_OBJECT_CONVERSION = YES_AGGRESSIVE;
				CLANG_CXX_LANGUAGE_STANDARD = "gnu++14";
				CLANG_CXX_LIBRARY = "libc++";
				CLANG_ENABLE_MODULES = YES;
				CLANG_ENABLE_OBJC_ARC = YES;
				CLANG_ENABLE_OBJC_WEAK = YES;
				CLANG_WARN_BLOCK_CAPTURE_AUTORELEASING = YES;
				CLANG_WARN_BOOL_CONVERSION = YES;
				CLANG_WARN_COMMA = YES;
				CLANG_WARN_CONSTANT_CONVERSION = YES;
				CLANG_WARN_DEPRECATED_OBJC_IMPLEMENTATIONS = YES;
				CLANG_WARN_DIRECT_OBJC_ISA_USAGE = YES_ERROR;
				CLANG_WARN_DOCUMENTATION_COMMENTS = YES;
				CLANG_WARN_EMPTY_BODY = YES;
				CLANG_WARN_ENUM_CONVERSION = YES;
				CLANG_WARN_INFINITE_RECURSION = YES;
				CLANG_WARN_INT_CONVERSION = YES;
				CLANG_WARN_NON_LITERAL_NULL_CONVERSION = YES;
				CLANG_WARN_OBJC_IMPLICIT_RETAIN_SELF = YES;
				CLANG_WARN_OBJC_LITERAL_CONVERSION = YES;
				CLANG_WARN_OBJC_ROOT_CLASS = YES_ERROR;
				CLANG_WARN_QUOTED_INCLUDE_IN_FRAMEWORK_HEADER = YES;
				CLANG_WARN_RANGE_LOOP_ANALYSIS = YES;
				CLANG_WARN_STRICT_PROTOTYPES = YES;
				CLANG_WARN_SUSPICIOUS_MOVE = YES;
				CLANG_WARN_UNGUARDED_AVAILABILITY = YES_AGGRESSIVE;
				CLANG_WARN_UNREACHABLE_CODE = YES;
				CLANG_WARN__DUPLICATE_METHOD_MATCH = YES;
				COPY_PHASE_STRIP = NO;
				DEBUG_INFORMATION_FORMAT = dwarf;
				ENABLE_STRICT_OBJC_MSGSEND = YES;
				ENABLE_TESTABILITY = YES;
				GCC_C_LANGUAGE_STANDARD = gnu11;
				GCC_DYNAMIC_NO_PIC = NO;
				GCC_NO_COMMON_BLOCKS = YES;
				GCC_OPTIMIZATION_LEVEL = 0;
				GCC_PREPROCESSOR_DEFINITIONS = (
					"DEBUG=1",
					"$(inherited)",
				);
				GCC_WARN_64_TO_32_BIT_CONVERSION = YES;
				GCC_WARN_ABOUT_RETURN_TYPE = YES_ERROR;
				GCC_WARN_UNDECLARED_SELECTOR = YES;
				GCC_WARN_UNINITIALIZED_AUTOS = YES_AGGRESSIVE;
				GCC_WARN_UNUSED_FUNCTION = YES;
				GCC_WARN_UNUSED_VARIABLE = YES;
				IPHONEOS_DEPLOYMENT_TARGET = 14.5;
				MTL_ENABLE_DEBUG_INFO = INCLUDE_SOURCE;
				MTL_FAST_MATH = YES;
				ONLY_ACTIVE_ARCH = YES;
				SDKROOT = iphoneos;
				SWIFT_ACTIVE_COMPILATION_CONDITIONS = DEBUG;
				SWIFT_OPTIMIZATION_LEVEL = "-Onone";
			};
			name = Debug;
		};
		7B6BFBD526467D3F00061DB1 /* Release */ = {
			isa = XCBuildConfiguration;
			buildSettings = {
				ALWAYS_SEARCH_USER_PATHS = NO;
				CLANG_ANALYZER_NONNULL = YES;
				CLANG_ANALYZER_NUMBER_OBJECT_CONVERSION = YES_AGGRESSIVE;
				CLANG_CXX_LANGUAGE_STANDARD = "gnu++14";
				CLANG_CXX_LIBRARY = "libc++";
				CLANG_ENABLE_MODULES = YES;
				CLANG_ENABLE_OBJC_ARC = YES;
				CLANG_ENABLE_OBJC_WEAK = YES;
				CLANG_WARN_BLOCK_CAPTURE_AUTORELEASING = YES;
				CLANG_WARN_BOOL_CONVERSION = YES;
				CLANG_WARN_COMMA = YES;
				CLANG_WARN_CONSTANT_CONVERSION = YES;
				CLANG_WARN_DEPRECATED_OBJC_IMPLEMENTATIONS = YES;
				CLANG_WARN_DIRECT_OBJC_ISA_USAGE = YES_ERROR;
				CLANG_WARN_DOCUMENTATION_COMMENTS = YES;
				CLANG_WARN_EMPTY_BODY = YES;
				CLANG_WARN_ENUM_CONVERSION = YES;
				CLANG_WARN_INFINITE_RECURSION = YES;
				CLANG_WARN_INT_CONVERSION = YES;
				CLANG_WARN_NON_LITERAL_NULL_CONVERSION = YES;
				CLANG_WARN_OBJC_IMPLICIT_RETAIN_SELF = YES;
				CLANG_WARN_OBJC_LITERAL_CONVERSION = YES;
				CLANG_WARN_OBJC_ROOT_CLASS = YES_ERROR;
				CLANG_WARN_QUOTED_INCLUDE_IN_FRAMEWORK_HEADER = YES;
				CLANG_WARN_RANGE_LOOP_ANALYSIS = YES;
				CLANG_WARN_STRICT_PROTOTYPES = YES;
				CLANG_WARN_SUSPICIOUS_MOVE = YES;
				CLANG_WARN_UNGUARDED_AVAILABILITY = YES_AGGRESSIVE;
				CLANG_WARN_UNREACHABLE_CODE = YES;
				CLANG_WARN__DUPLICATE_METHOD_MATCH = YES;
				COPY_PHASE_STRIP = NO;
				DEBUG_INFORMATION_FORMAT = "dwarf-with-dsym";
				ENABLE_NS_ASSERTIONS = NO;
				ENABLE_STRICT_OBJC_MSGSEND = YES;
				GCC_C_LANGUAGE_STANDARD = gnu11;
				GCC_NO_COMMON_BLOCKS = YES;
				GCC_WARN_64_TO_32_BIT_CONVERSION = YES;
				GCC_WARN_ABOUT_RETURN_TYPE = YES_ERROR;
				GCC_WARN_UNDECLARED_SELECTOR = YES;
				GCC_WARN_UNINITIALIZED_AUTOS = YES_AGGRESSIVE;
				GCC_WARN_UNUSED_FUNCTION = YES;
				GCC_WARN_UNUSED_VARIABLE = YES;
				IPHONEOS_DEPLOYMENT_TARGET = 14.5;
				MTL_ENABLE_DEBUG_INFO = NO;
				MTL_FAST_MATH = YES;
				SDKROOT = iphoneos;
				SWIFT_COMPILATION_MODE = wholemodule;
				SWIFT_OPTIMIZATION_LEVEL = "-O";
				VALIDATE_PRODUCT = YES;
			};
			name = Release;
		};
		7B6BFBD726467D4000061DB1 /* Debug */ = {
			isa = XCBuildConfiguration;
			buildSettings = {
				ASSETCATALOG_COMPILER_APPICON_NAME = AppIcon;
				ASSETCATALOG_COMPILER_GLOBAL_ACCENT_COLOR_NAME = AccentColor;
				CODE_SIGN_STYLE = Automatic;
				DEVELOPMENT_TEAM = JH5XV3K6QU;
				INFOPLIST_FILE = CircleApp/Info.plist;
				LD_RUNPATH_SEARCH_PATHS = (
					"$(inherited)",
					"@executable_path/Frameworks",
				);
				PRODUCT_BUNDLE_IDENTIFIER = com.nuga.CircleApp;
				PRODUCT_NAME = "$(TARGET_NAME)";
				SWIFT_VERSION = 5.0;
				TARGETED_DEVICE_FAMILY = "1,2";
			};
			name = Debug;
		};
		7B6BFBD826467D4000061DB1 /* Release */ = {
			isa = XCBuildConfiguration;
			buildSettings = {
				ASSETCATALOG_COMPILER_APPICON_NAME = AppIcon;
				ASSETCATALOG_COMPILER_GLOBAL_ACCENT_COLOR_NAME = AccentColor;
				CODE_SIGN_STYLE = Automatic;
				DEVELOPMENT_TEAM = JH5XV3K6QU;
				INFOPLIST_FILE = CircleApp/Info.plist;
				LD_RUNPATH_SEARCH_PATHS = (
					"$(inherited)",
					"@executable_path/Frameworks",
				);
				PRODUCT_BUNDLE_IDENTIFIER = com.nuga.CircleApp;
				PRODUCT_NAME = "$(TARGET_NAME)";
				SWIFT_VERSION = 5.0;
				TARGETED_DEVICE_FAMILY = "1,2";
			};
			name = Release;
		};
		7B6BFBDA26467D4000061DB1 /* Debug */ = {
			isa = XCBuildConfiguration;
			buildSettings = {
				ALWAYS_EMBED_SWIFT_STANDARD_LIBRARIES = YES;
				BUNDLE_LOADER = "$(TEST_HOST)";
				CODE_SIGN_STYLE = Automatic;
				DEVELOPMENT_TEAM = JH5XV3K6QU;
				INFOPLIST_FILE = CircleAppTests/Info.plist;
				IPHONEOS_DEPLOYMENT_TARGET = 14.5;
				LD_RUNPATH_SEARCH_PATHS = (
					"$(inherited)",
					"@executable_path/Frameworks",
					"@loader_path/Frameworks",
				);
				PRODUCT_BUNDLE_IDENTIFIER = com.nuga.CircleAppTests;
				PRODUCT_NAME = "$(TARGET_NAME)";
				SWIFT_VERSION = 5.0;
				TARGETED_DEVICE_FAMILY = "1,2";
				TEST_HOST = "$(BUILT_PRODUCTS_DIR)/CircleApp.app/CircleApp";
			};
			name = Debug;
		};
		7B6BFBDB26467D4000061DB1 /* Release */ = {
			isa = XCBuildConfiguration;
			buildSettings = {
				ALWAYS_EMBED_SWIFT_STANDARD_LIBRARIES = YES;
				BUNDLE_LOADER = "$(TEST_HOST)";
				CODE_SIGN_STYLE = Automatic;
				DEVELOPMENT_TEAM = JH5XV3K6QU;
				INFOPLIST_FILE = CircleAppTests/Info.plist;
				IPHONEOS_DEPLOYMENT_TARGET = 14.5;
				LD_RUNPATH_SEARCH_PATHS = (
					"$(inherited)",
					"@executable_path/Frameworks",
					"@loader_path/Frameworks",
				);
				PRODUCT_BUNDLE_IDENTIFIER = com.nuga.CircleAppTests;
				PRODUCT_NAME = "$(TARGET_NAME)";
				SWIFT_VERSION = 5.0;
				TARGETED_DEVICE_FAMILY = "1,2";
				TEST_HOST = "$(BUILT_PRODUCTS_DIR)/CircleApp.app/CircleApp";
			};
			name = Release;
		};
		7B6BFBDD26467D4000061DB1 /* Debug */ = {
			isa = XCBuildConfiguration;
			buildSettings = {
				ALWAYS_EMBED_SWIFT_STANDARD_LIBRARIES = YES;
				CODE_SIGN_STYLE = Automatic;
				DEVELOPMENT_TEAM = JH5XV3K6QU;
				INFOPLIST_FILE = CircleAppUITests/Info.plist;
				LD_RUNPATH_SEARCH_PATHS = (
					"$(inherited)",
					"@executable_path/Frameworks",
					"@loader_path/Frameworks",
				);
				PRODUCT_BUNDLE_IDENTIFIER = com.nuga.CircleAppUITests;
				PRODUCT_NAME = "$(TARGET_NAME)";
				SWIFT_VERSION = 5.0;
				TARGETED_DEVICE_FAMILY = "1,2";
				TEST_TARGET_NAME = CircleApp;
			};
			name = Debug;
		};
		7B6BFBDE26467D4000061DB1 /* Release */ = {
			isa = XCBuildConfiguration;
			buildSettings = {
				ALWAYS_EMBED_SWIFT_STANDARD_LIBRARIES = YES;
				CODE_SIGN_STYLE = Automatic;
				DEVELOPMENT_TEAM = JH5XV3K6QU;
				INFOPLIST_FILE = CircleAppUITests/Info.plist;
				LD_RUNPATH_SEARCH_PATHS = (
					"$(inherited)",
					"@executable_path/Frameworks",
					"@loader_path/Frameworks",
				);
				PRODUCT_BUNDLE_IDENTIFIER = com.nuga.CircleAppUITests;
				PRODUCT_NAME = "$(TARGET_NAME)";
				SWIFT_VERSION = 5.0;
				TARGETED_DEVICE_FAMILY = "1,2";
				TEST_TARGET_NAME = CircleApp;
			};
			name = Release;
		};
/* End XCBuildConfiguration section */

/* Begin XCConfigurationList section */
		7B6BFBA426467D3E00061DB1 /* Build configuration list for PBXProject "CircleApp" */ = {
			isa = XCConfigurationList;
			buildConfigurations = (
				7B6BFBD426467D3F00061DB1 /* Debug */,
				7B6BFBD526467D3F00061DB1 /* Release */,
			);
			defaultConfigurationIsVisible = 0;
			defaultConfigurationName = Release;
		};
		7B6BFBD626467D4000061DB1 /* Build configuration list for PBXNativeTarget "CircleApp" */ = {
			isa = XCConfigurationList;
			buildConfigurations = (
				7B6BFBD726467D4000061DB1 /* Debug */,
				7B6BFBD826467D4000061DB1 /* Release */,
			);
			defaultConfigurationIsVisible = 0;
			defaultConfigurationName = Release;
		};
		7B6BFBD926467D4000061DB1 /* Build configuration list for PBXNativeTarget "CircleAppTests" */ = {
			isa = XCConfigurationList;
			buildConfigurations = (
				7B6BFBDA26467D4000061DB1 /* Debug */,
				7B6BFBDB26467D4000061DB1 /* Release */,
			);
			defaultConfigurationIsVisible = 0;
			defaultConfigurationName = Release;
		};
		7B6BFBDC26467D4000061DB1 /* Build configuration list for PBXNativeTarget "CircleAppUITests" */ = {
			isa = XCConfigurationList;
			buildConfigurations = (
				7B6BFBDD26467D4000061DB1 /* Debug */,
				7B6BFBDE26467D4000061DB1 /* Release */,
			);
			defaultConfigurationIsVisible = 0;
			defaultConfigurationName = Release;
		};
/* End XCConfigurationList section */

/* Begin XCVersionGroup section */
		7B6BFBB526467D3E00061DB1 /* CircleApp.xcdatamodeld */ = {
			isa = XCVersionGroup;
			children = (
				7B6BFBB626467D3E00061DB1 /* CircleApp.xcdatamodel */,
			);
			currentVersion = 7B6BFBB626467D3E00061DB1 /* CircleApp.xcdatamodel */;
			path = CircleApp.xcdatamodeld;
			sourceTree = "<group>";
			versionGroupType = wrapper.xcdatamodel;
		};
/* End XCVersionGroup section */
	};
	rootObject = 7B6BFBA126467D3E00061DB1 /* Project object */;
}
